
Microsoft Visual Studio Solution File, Format Version 12.00
# Visual Studio 15
Project("{FAE04EC0-301F-11D3-BF4B-00C04F79EFBC}") = "VRC.ClientSim", "VRC.ClientSim.csproj", "{A6DBAE0F-1FE2-6CBD-911B-2EBF550C321C}"
EndProject
Project("{FAE04EC0-301F-11D3-BF4B-00C04F79EFBC}") = "VRC.Udon.Serialization.OdinSerializer", "VRC.Udon.Serialization.OdinSerializer.csproj", "{53B3FDF0-F5F7-3AEE-2D60-3F41043A66C5}"
EndProject
Project("{FAE04EC0-301F-11D3-BF4B-00C04F79EFBC}") = "UdonSharp.Editor", "UdonSharp.Editor.csproj", "{3704C4FF-2178-F9E3-A1D9-23AD2B1A7E23}"
EndProject
Project("{FAE04EC0-301F-11D3-BF4B-00C04F79EFBC}") = "VRC.Udon.Editor", "VRC.Udon.Editor.csproj", "{75718ADC-9A5E-C440-CB17-344B004AF916}"
EndProject
Project("{FAE04EC0-301F-11D3-BF4B-00C04F79EFBC}") = "VRC.SDKBase.Editor", "VRC.SDKBase.Editor.csproj", "{1395717E-42EA-E6E4-D402-40AAB0B4CF8E}"
EndProject
Project("{FAE04EC0-301F-11D3-BF4B-00C04F79EFBC}") = "VRC.Udon", "VRC.Udon.csproj", "{D331D406-915F-FED6-C088-E17C139B4D25}"
EndProject
Project("{FAE04EC0-301F-11D3-BF4B-00C04F79EFBC}") = "UniTask", "UniTask.csproj", "{93078BDD-AFC8-EC69-1C59-393C8D26AFB6}"
EndProject
Project("{FAE04EC0-301F-11D3-BF4B-00C04F79EFBC}") = "UniTask.Linq", "UniTask.Linq.csproj", "{2EFB6DF3-FEED-B1BD-DDC4-AE5FCAE1D627}"
EndProject
Project("{FAE04EC0-301F-11D3-BF4B-00C04F79EFBC}") = "VRC.SDKBase", "VRC.SDKBase.csproj", "{1921C50B-C2E1-3952-A8F2-312ADD587AB9}"
EndProject
Project("{FAE04EC0-301F-11D3-BF4B-00C04F79EFBC}") = "VRC.ClientSim.Editor", "VRC.ClientSim.Editor.csproj", "{691B1B00-DB56-6075-A451-50B55497AC1F}"
EndProject
Project("{FAE04EC0-301F-11D3-BF4B-00C04F79EFBC}") = "VRC.SDK3", "VRC.SDK3.csproj", "{C27016DB-5038-813F-6AB2-6D772BE0B48E}"
EndProject
Project("{FAE04EC0-301F-11D3-BF4B-00C04F79EFBC}") = "VRC.SDK3.Editor", "VRC.SDK3.Editor.csproj", "{C8F130A9-B55A-5DAA-9519-B5E6E486A4BD}"
EndProject
Project("{FAE04EC0-301F-11D3-BF4B-00C04F79EFBC}") = "UniTask.DOTween", "UniTask.DOTween.csproj", "{9A362CFB-B52D-A941-9DED-E1D497B7CB54}"
EndProject
Project("{FAE04EC0-301F-11D3-BF4B-00C04F79EFBC}") = "UnityEditorTests", "UnityEditorTests.csproj", "{F4322146-1924-BB2D-1080-B0BD3B5974FC}"
EndProject
Project("{FAE04EC0-301F-11D3-BF4B-00C04F79EFBC}") = "VRC.ExampleCentral.Editor", "VRC.ExampleCentral.Editor.csproj", "{E926BE47-207B-918B-31AC-3A83CF8D98C1}"
EndProject
Project("{FAE04EC0-301F-11D3-BF4B-00C04F79EFBC}") = "Assembly-CSharp", "Assembly-CSharp.csproj", "{01B15CF5-CCAB-F031-E3DC-18BC3DCF80F5}"
EndProject
Project("{FAE04EC0-301F-11D3-BF4B-00C04F79EFBC}") = "com.vrchat.core.vpm-resolver.Editor", "com.vrchat.core.vpm-resolver.Editor.csproj", "{FDB61021-81E3-16AD-565D-3FE25620B63F}"
EndProject
Project("{FAE04EC0-301F-11D3-BF4B-00C04F79EFBC}") = "VRC.SDKBase.Editor.ShaderStripping", "VRC.SDKBase.Editor.ShaderStripping.csproj", "{8547A556-C1EF-895F-334A-13C7D61952E7}"
EndProject
Project("{FAE04EC0-301F-11D3-BF4B-00C04F79EFBC}") = "UdonSharp.Runtime", "UdonSharp.Runtime.csproj", "{F150F17A-2D60-98EA-24BA-BDA98B175633}"
EndProject
Project("{FAE04EC0-301F-11D3-BF4B-00C04F79EFBC}") = "UniTask.Editor", "UniTask.Editor.csproj", "{9D74227D-9566-AF06-C162-F62517217168}"
EndProject
Project("{FAE04EC0-301F-11D3-BF4B-00C04F79EFBC}") = "UdonSharp.Lib", "UdonSharp.Lib.csproj", "{830494E7-8B5B-396C-417F-F3A0530475E3}"
EndProject
Project("{FAE04EC0-301F-11D3-BF4B-00C04F79EFBC}") = "VRC.SDKBase.Editor.BuildPipeline", "VRC.SDKBase.Editor.BuildPipeline.csproj", "{25195431-8703-FD1C-AE82-1DA6BBE5BC21}"
EndProject
Project("{FAE04EC0-301F-11D3-BF4B-00C04F79EFBC}") = "UniTask.Addressables", "UniTask.Addressables.csproj", "{F2604750-9B5E-84E1-1642-55ACB2119545}"
EndProject
Project("{FAE04EC0-301F-11D3-BF4B-00C04F79EFBC}") = "UniTask.TextMeshPro", "UniTask.TextMeshPro.csproj", "{6E654ECB-785D-73F6-687F-D0A5CDF893F7}"
EndProject
Global
	GlobalSection(SolutionConfigurationPlatforms) = preSolution
		Debug|Any CPU = Debug|Any CPU
		Release|Any CPU = Release|Any CPU
	EndGlobalSection
	GlobalSection(ProjectConfigurationPlatforms) = postSolution
		{A6DBAE0F-1FE2-6CBD-911B-2EBF550C321C}.Debug|Any CPU.ActiveCfg = Debug|Any CPU
		{A6DBAE0F-1FE2-6CBD-911B-2EBF550C321C}.Debug|Any CPU.Build.0 = Debug|Any CPU
		{A6DBAE0F-1FE2-6CBD-911B-2EBF550C321C}.Release|Any CPU.ActiveCfg = Release|Any CPU
		{A6DBAE0F-1FE2-6CBD-911B-2EBF550C321C}.Release|Any CPU.Build.0 = Release|Any CPU
		{53B3FDF0-F5F7-3AEE-2D60-3F41043A66C5}.Debug|Any CPU.ActiveCfg = Debug|Any CPU
		{53B3FDF0-F5F7-3AEE-2D60-3F41043A66C5}.Debug|Any CPU.Build.0 = Debug|Any CPU
		{53B3FDF0-F5F7-3AEE-2D60-3F41043A66C5}.Release|Any CPU.ActiveCfg = Release|Any CPU
		{53B3FDF0-F5F7-3AEE-2D60-3F41043A66C5}.Release|Any CPU.Build.0 = Release|Any CPU
		{3704C4FF-2178-F9E3-A1D9-23AD2B1A7E23}.Debug|Any CPU.ActiveCfg = Debug|Any CPU
		{3704C4FF-2178-F9E3-A1D9-23AD2B1A7E23}.Debug|Any CPU.Build.0 = Debug|Any CPU
		{3704C4FF-2178-F9E3-A1D9-23AD2B1A7E23}.Release|Any CPU.ActiveCfg = Release|Any CPU
		{3704C4FF-2178-F9E3-A1D9-23AD2B1A7E23}.Release|Any CPU.Build.0 = Release|Any CPU
		{75718ADC-9A5E-C440-CB17-344B004AF916}.Debug|Any CPU.ActiveCfg = Debug|Any CPU
		{75718ADC-9A5E-C440-CB17-344B004AF916}.Debug|Any CPU.Build.0 = Debug|Any CPU
		{75718ADC-9A5E-C440-CB17-344B004AF916}.Release|Any CPU.ActiveCfg = Release|Any CPU
		{75718ADC-9A5E-C440-CB17-344B004AF916}.Release|Any CPU.Build.0 = Release|Any CPU
		{1395717E-42EA-E6E4-D402-40AAB0B4CF8E}.Debug|Any CPU.ActiveCfg = Debug|Any CPU
		{1395717E-42EA-E6E4-D402-40AAB0B4CF8E}.Debug|Any CPU.Build.0 = Debug|Any CPU
		{1395717E-42EA-E6E4-D402-40AAB0B4CF8E}.Release|Any CPU.ActiveCfg = Release|Any CPU
		{1395717E-42EA-E6E4-D402-40AAB0B4CF8E}.Release|Any CPU.Build.0 = Release|Any CPU
		{D331D406-915F-FED6-C088-E17C139B4D25}.Debug|Any CPU.ActiveCfg = Debug|Any CPU
		{D331D406-915F-FED6-C088-E17C139B4D25}.Debug|Any CPU.Build.0 = Debug|Any CPU
		{D331D406-915F-FED6-C088-E17C139B4D25}.Release|Any CPU.ActiveCfg = Release|Any CPU
		{D331D406-915F-FED6-C088-E17C139B4D25}.Release|Any CPU.Build.0 = Release|Any CPU
		{93078BDD-AFC8-EC69-1C59-393C8D26AFB6}.Debug|Any CPU.ActiveCfg = Debug|Any CPU
		{93078BDD-AFC8-EC69-1C59-393C8D26AFB6}.Debug|Any CPU.Build.0 = Debug|Any CPU
		{93078BDD-AFC8-EC69-1C59-393C8D26AFB6}.Release|Any CPU.ActiveCfg = Release|Any CPU
		{93078BDD-AFC8-EC69-1C59-393C8D26AFB6}.Release|Any CPU.Build.0 = Release|Any CPU
		{2EFB6DF3-FEED-B1BD-DDC4-AE5FCAE1D627}.Debug|Any CPU.ActiveCfg = Debug|Any CPU
		{2EFB6DF3-FEED-B1BD-DDC4-AE5FCAE1D627}.Debug|Any CPU.Build.0 = Debug|Any CPU
		{2EFB6DF3-FEED-B1BD-DDC4-AE5FCAE1D627}.Release|Any CPU.ActiveCfg = Release|Any CPU
		{2EFB6DF3-FEED-B1BD-DDC4-AE5FCAE1D627}.Release|Any CPU.Build.0 = Release|Any CPU
		{1921C50B-C2E1-3952-A8F2-312ADD587AB9}.Debug|Any CPU.ActiveCfg = Debug|Any CPU
		{1921C50B-C2E1-3952-A8F2-312ADD587AB9}.Debug|Any CPU.Build.0 = Debug|Any CPU
		{1921C50B-C2E1-3952-A8F2-312ADD587AB9}.Release|Any CPU.ActiveCfg = Release|Any CPU
		{1921C50B-C2E1-3952-A8F2-312ADD587AB9}.Release|Any CPU.Build.0 = Release|Any CPU
		{691B1B00-DB56-6075-A451-50B55497AC1F}.Debug|Any CPU.ActiveCfg = Debug|Any CPU
		{691B1B00-DB56-6075-A451-50B55497AC1F}.Debug|Any CPU.Build.0 = Debug|Any CPU
		{691B1B00-DB56-6075-A451-50B55497AC1F}.Release|Any CPU.ActiveCfg = Release|Any CPU
		{691B1B00-DB56-6075-A451-50B55497AC1F}.Release|Any CPU.Build.0 = Release|Any CPU
		{C27016DB-5038-813F-6AB2-6D772BE0B48E}.Debug|Any CPU.ActiveCfg = Debug|Any CPU
		{C27016DB-5038-813F-6AB2-6D772BE0B48E}.Debug|Any CPU.Build.0 = Debug|Any CPU
		{C27016DB-5038-813F-6AB2-6D772BE0B48E}.Release|Any CPU.ActiveCfg = Release|Any CPU
		{C27016DB-5038-813F-6AB2-6D772BE0B48E}.Release|Any CPU.Build.0 = Release|Any CPU
		{C8F130A9-B55A-5DAA-9519-B5E6E486A4BD}.Debug|Any CPU.ActiveCfg = Debug|Any CPU
		{C8F130A9-B55A-5DAA-9519-B5E6E486A4BD}.Debug|Any CPU.Build.0 = Debug|Any CPU
		{C8F130A9-B55A-5DAA-9519-B5E6E486A4BD}.Release|Any CPU.ActiveCfg = Release|Any CPU
		{C8F130A9-B55A-5DAA-9519-B5E6E486A4BD}.Release|Any CPU.Build.0 = Release|Any CPU
		{9A362CFB-B52D-A941-9DED-E1D497B7CB54}.Debug|Any CPU.ActiveCfg = Debug|Any CPU
		{9A362CFB-B52D-A941-9DED-E1D497B7CB54}.Debug|Any CPU.Build.0 = Debug|Any CPU
		{9A362CFB-B52D-A941-9DED-E1D497B7CB54}.Release|Any CPU.ActiveCfg = Release|Any CPU
		{9A362CFB-B52D-A941-9DED-E1D497B7CB54}.Release|Any CPU.Build.0 = Release|Any CPU
		{F4322146-1924-BB2D-1080-B0BD3B5974FC}.Debug|Any CPU.ActiveCfg = Debug|Any CPU
		{F4322146-1924-BB2D-1080-B0BD3B5974FC}.Debug|Any CPU.Build.0 = Debug|Any CPU
		{F4322146-1924-BB2D-1080-B0BD3B5974FC}.Release|Any CPU.ActiveCfg = Release|Any CPU
		{F4322146-1924-BB2D-1080-B0BD3B5974FC}.Release|Any CPU.Build.0 = Release|Any CPU
		{E926BE47-207B-918B-31AC-3A83CF8D98C1}.Debug|Any CPU.ActiveCfg = Debug|Any CPU
		{E926BE47-207B-918B-31AC-3A83CF8D98C1}.Debug|Any CPU.Build.0 = Debug|Any CPU
		{E926BE47-207B-918B-31AC-3A83CF8D98C1}.Release|Any CPU.ActiveCfg = Release|Any CPU
		{E926BE47-207B-918B-31AC-3A83CF8D98C1}.Release|Any CPU.Build.0 = Release|Any CPU
		{01B15CF5-CCAB-F031-E3DC-18BC3DCF80F5}.Debug|Any CPU.ActiveCfg = Debug|Any CPU
		{01B15CF5-CCAB-F031-E3DC-18BC3DCF80F5}.Debug|Any CPU.Build.0 = Debug|Any CPU
		{01B15CF5-CCAB-F031-E3DC-18BC3DCF80F5}.Release|Any CPU.ActiveCfg = Release|Any CPU
		{01B15CF5-CCAB-F031-E3DC-18BC3DCF80F5}.Release|Any CPU.Build.0 = Release|Any CPU
		{FDB61021-81E3-16AD-565D-3FE25620B63F}.Debug|Any CPU.ActiveCfg = Debug|Any CPU
		{FDB61021-81E3-16AD-565D-3FE25620B63F}.Debug|Any CPU.Build.0 = Debug|Any CPU
		{FDB61021-81E3-16AD-565D-3FE25620B63F}.Release|Any CPU.ActiveCfg = Release|Any CPU
		{FDB61021-81E3-16AD-565D-3FE25620B63F}.Release|Any CPU.Build.0 = Release|Any CPU
		{8547A556-C1EF-895F-334A-13C7D61952E7}.Debug|Any CPU.ActiveCfg = Debug|Any CPU
		{8547A556-C1EF-895F-334A-13C7D61952E7}.Debug|Any CPU.Build.0 = Debug|Any CPU
		{8547A556-C1EF-895F-334A-13C7D61952E7}.Release|Any CPU.ActiveCfg = Release|Any CPU
		{8547A556-C1EF-895F-334A-13C7D61952E7}.Release|Any CPU.Build.0 = Release|Any CPU
		{F150F17A-2D60-98EA-24BA-BDA98B175633}.Debug|Any CPU.ActiveCfg = Debug|Any CPU
		{F150F17A-2D60-98EA-24BA-BDA98B175633}.Debug|Any CPU.Build.0 = Debug|Any CPU
		{F150F17A-2D60-98EA-24BA-BDA98B175633}.Release|Any CPU.ActiveCfg = Release|Any CPU
		{F150F17A-2D60-98EA-24BA-BDA98B175633}.Release|Any CPU.Build.0 = Release|Any CPU
		{9D74227D-9566-AF06-C162-F62517217168}.Debug|Any CPU.ActiveCfg = Debug|Any CPU
		{9D74227D-9566-AF06-C162-F62517217168}.Debug|Any CPU.Build.0 = Debug|Any CPU
		{9D74227D-9566-AF06-C162-F62517217168}.Release|Any CPU.ActiveCfg = Release|Any CPU
		{9D74227D-9566-AF06-C162-F62517217168}.Release|Any CPU.Build.0 = Release|Any CPU
		{830494E7-8B5B-396C-417F-F3A0530475E3}.Debug|Any CPU.ActiveCfg = Debug|Any CPU
		{830494E7-8B5B-396C-417F-F3A0530475E3}.Debug|Any CPU.Build.0 = Debug|Any CPU
		{830494E7-8B5B-396C-417F-F3A0530475E3}.Release|Any CPU.ActiveCfg = Release|Any CPU
		{830494E7-8B5B-396C-417F-F3A0530475E3}.Release|Any CPU.Build.0 = Release|Any CPU
		{25195431-8703-FD1C-AE82-1DA6BBE5BC21}.Debug|Any CPU.ActiveCfg = Debug|Any CPU
		{25195431-8703-FD1C-AE82-1DA6BBE5BC21}.Debug|Any CPU.Build.0 = Debug|Any CPU
		{25195431-8703-FD1C-AE82-1DA6BBE5BC21}.Release|Any CPU.ActiveCfg = Release|Any CPU
		{25195431-8703-FD1C-AE82-1DA6BBE5BC21}.Release|Any CPU.Build.0 = Release|Any CPU
		{F2604750-9B5E-84E1-1642-55ACB2119545}.Debug|Any CPU.ActiveCfg = Debug|Any CPU
		{F2604750-9B5E-84E1-1642-55ACB2119545}.Debug|Any CPU.Build.0 = Debug|Any CPU
		{F2604750-9B5E-84E1-1642-55ACB2119545}.Release|Any CPU.ActiveCfg = Release|Any CPU
		{F2604750-9B5E-84E1-1642-55ACB2119545}.Release|Any CPU.Build.0 = Release|Any CPU
		{6E654ECB-785D-73F6-687F-D0A5CDF893F7}.Debug|Any CPU.ActiveCfg = Debug|Any CPU
		{6E654ECB-785D-73F6-687F-D0A5CDF893F7}.Debug|Any CPU.Build.0 = Debug|Any CPU
		{6E654ECB-785D-73F6-687F-D0A5CDF893F7}.Release|Any CPU.ActiveCfg = Release|Any CPU
		{6E654ECB-785D-73F6-687F-D0A5CDF893F7}.Release|Any CPU.Build.0 = Release|Any CPU
	EndGlobalSection
	GlobalSection(SolutionProperties) = preSolution
		HideSolutionNode = FALSE
	EndGlobalSection
EndGlobal
