
Microsoft Visual Studio Solution File, Format Version 11.00
# Visual Studio 2010
Project("{FAE04EC0-301F-11D3-BF4B-00C04F79EFBC}") = "VRC.ClientSim", "VRC.ClientSim.csproj", "{0faedba6-e21f-bd6c-911b-2ebf550c321c}"
EndProject
Project("{FAE04EC0-301F-11D3-BF4B-00C04F79EFBC}") = "VRC.Udon.Serialization.OdinSerializer", "VRC.Udon.Serialization.OdinSerializer.csproj", "{f0fdb353-f7f5-ee3a-2d60-3f41043a66c5}"
EndProject
Project("{FAE04EC0-301F-11D3-BF4B-00C04F79EFBC}") = "Assembly-CSharp", "Assembly-CSharp.csproj", "{f55cb101-abcc-31f0-e3dc-18bc3dcf80f5}"
EndProject
Project("{FAE04EC0-301F-11D3-BF4B-00C04F79EFBC}") = "UdonSharp.Editor", "UdonSharp.Editor.csproj", "{ffc40437-7821-e3f9-a1d9-23ad2b1a7e23}"
EndProject
Project("{FAE04EC0-301F-11D3-BF4B-00C04F79EFBC}") = "VRC.Udon.Editor", "VRC.Udon.Editor.csproj", "{dc8a7175-5e9a-40c4-cb17-344b004af916}"
EndProject
Project("{FAE04EC0-301F-11D3-BF4B-00C04F79EFBC}") = "VRC.SDKBase.Editor", "VRC.SDKBase.Editor.csproj", "{7e719513-ea42-e4e6-d402-40aab0b4cf8e}"
EndProject
Project("{FAE04EC0-301F-11D3-BF4B-00C04F79EFBC}") = "VRC.Udon", "VRC.Udon.csproj", "{06d431d3-5f91-d6fe-c088-e17c139b4d25}"
EndProject
Project("{FAE04EC0-301F-11D3-BF4B-00C04F79EFBC}") = "UniTask", "UniTask.csproj", "{dd8b0793-c8af-69ec-1c59-393c8d26afb6}"
EndProject
Project("{FAE04EC0-301F-11D3-BF4B-00C04F79EFBC}") = "UniTask.Linq", "UniTask.Linq.csproj", "{f36dfb2e-edfe-bdb1-ddc4-ae5fcae1d627}"
EndProject
Project("{FAE04EC0-301F-11D3-BF4B-00C04F79EFBC}") = "VRC.SDKBase", "VRC.SDKBase.csproj", "{0bc52119-e1c2-5239-a8f2-312add587ab9}"
EndProject
Project("{FAE04EC0-301F-11D3-BF4B-00C04F79EFBC}") = "VRC.ClientSim.Editor", "VRC.ClientSim.Editor.csproj", "{001b1b69-56db-7560-a451-50b55497ac1f}"
EndProject
Project("{FAE04EC0-301F-11D3-BF4B-00C04F79EFBC}") = "VRC.SDK3", "VRC.SDK3.csproj", "{db1670c2-3850-3f81-6ab2-6d772be0b48e}"
EndProject
Project("{FAE04EC0-301F-11D3-BF4B-00C04F79EFBC}") = "VRC.SDK3.Editor", "VRC.SDK3.Editor.csproj", "{a930f1c8-5ab5-aa5d-9519-b5e6e486a4bd}"
EndProject
Project("{FAE04EC0-301F-11D3-BF4B-00C04F79EFBC}") = "UniTask.DOTween", "UniTask.DOTween.csproj", "{fb2c369a-2db5-41a9-9ded-e1d497b7cb54}"
EndProject
Project("{FAE04EC0-301F-11D3-BF4B-00C04F79EFBC}") = "UnityEditorTests", "UnityEditorTests.csproj", "{462132f4-2419-2dbb-1080-b0bd3b5974fc}"
EndProject
Project("{FAE04EC0-301F-11D3-BF4B-00C04F79EFBC}") = "VRWorldToolkit.Editor", "VRWorldToolkit.Editor.csproj", "{c2541429-1611-5f44-ed64-8145d073783d}"
EndProject
Project("{FAE04EC0-301F-11D3-BF4B-00C04F79EFBC}") = "VRC.ExampleCentral.Editor", "VRC.ExampleCentral.Editor.csproj", "{47be26e9-7b20-8b91-31ac-3a83cf8d98c1}"
EndProject
Project("{FAE04EC0-301F-11D3-BF4B-00C04F79EFBC}") = "com.vrchat.core.vpm-resolver.Editor", "com.vrchat.core.vpm-resolver.Editor.csproj", "{2110b6fd-e381-ad16-565d-3fe25620b63f}"
EndProject
Project("{FAE04EC0-301F-11D3-BF4B-00C04F79EFBC}") = "VRC.SDKBase.Editor.ShaderStripping", "VRC.SDKBase.Editor.ShaderStripping.csproj", "{56a54785-efc1-5f89-334a-13c7d61952e7}"
EndProject
Project("{FAE04EC0-301F-11D3-BF4B-00C04F79EFBC}") = "UdonSharp.Runtime", "UdonSharp.Runtime.csproj", "{7af150f1-602d-ea98-24ba-bda98b175633}"
EndProject
Project("{FAE04EC0-301F-11D3-BF4B-00C04F79EFBC}") = "UniTask.Editor", "UniTask.Editor.csproj", "{7d22749d-6695-06af-c162-f62517217168}"
EndProject
Project("{FAE04EC0-301F-11D3-BF4B-00C04F79EFBC}") = "UdonSharp.Lib", "UdonSharp.Lib.csproj", "{e7940483-5b8b-6c39-417f-f3a0530475e3}"
EndProject
Project("{FAE04EC0-301F-11D3-BF4B-00C04F79EFBC}") = "VRC.SDKBase.Editor.BuildPipeline", "VRC.SDKBase.Editor.BuildPipeline.csproj", "{31541925-0387-1cfd-ae82-1da6bbe5bc21}"
EndProject
Project("{FAE04EC0-301F-11D3-BF4B-00C04F79EFBC}") = "UniTask.Addressables", "UniTask.Addressables.csproj", "{504760f2-5e9b-e184-1642-55acb2119545}"
EndProject
Project("{FAE04EC0-301F-11D3-BF4B-00C04F79EFBC}") = "UniTask.TextMeshPro", "UniTask.TextMeshPro.csproj", "{cb4e656e-5d78-f673-687f-d0a5cdf893f7}"
EndProject
Project("{FAE04EC0-301F-11D3-BF4B-00C04F79EFBC}") = "Assembly-CSharp-Editor", "Assembly-CSharp-Editor.csproj", "{0c7f5176-db2f-2254-885c-424ff640fe77}"
EndProject
Global
	GlobalSection(SolutionConfigurationPlatforms) = preSolution
		Debug|Any CPU = Debug|Any CPU
	EndGlobalSection
	GlobalSection(ProjectConfigurationPlatforms) = postSolution
		{0faedba6-e21f-bd6c-911b-2ebf550c321c}.Debug|Any CPU.ActiveCfg = Debug|Any CPU
		{0faedba6-e21f-bd6c-911b-2ebf550c321c}.Debug|Any CPU.Build.0 = Debug|Any CPU
		{f0fdb353-f7f5-ee3a-2d60-3f41043a66c5}.Debug|Any CPU.ActiveCfg = Debug|Any CPU
		{f0fdb353-f7f5-ee3a-2d60-3f41043a66c5}.Debug|Any CPU.Build.0 = Debug|Any CPU
		{f55cb101-abcc-31f0-e3dc-18bc3dcf80f5}.Debug|Any CPU.ActiveCfg = Debug|Any CPU
		{f55cb101-abcc-31f0-e3dc-18bc3dcf80f5}.Debug|Any CPU.Build.0 = Debug|Any CPU
		{ffc40437-7821-e3f9-a1d9-23ad2b1a7e23}.Debug|Any CPU.ActiveCfg = Debug|Any CPU
		{ffc40437-7821-e3f9-a1d9-23ad2b1a7e23}.Debug|Any CPU.Build.0 = Debug|Any CPU
		{dc8a7175-5e9a-40c4-cb17-344b004af916}.Debug|Any CPU.ActiveCfg = Debug|Any CPU
		{dc8a7175-5e9a-40c4-cb17-344b004af916}.Debug|Any CPU.Build.0 = Debug|Any CPU
		{7e719513-ea42-e4e6-d402-40aab0b4cf8e}.Debug|Any CPU.ActiveCfg = Debug|Any CPU
		{7e719513-ea42-e4e6-d402-40aab0b4cf8e}.Debug|Any CPU.Build.0 = Debug|Any CPU
		{06d431d3-5f91-d6fe-c088-e17c139b4d25}.Debug|Any CPU.ActiveCfg = Debug|Any CPU
		{06d431d3-5f91-d6fe-c088-e17c139b4d25}.Debug|Any CPU.Build.0 = Debug|Any CPU
		{dd8b0793-c8af-69ec-1c59-393c8d26afb6}.Debug|Any CPU.ActiveCfg = Debug|Any CPU
		{dd8b0793-c8af-69ec-1c59-393c8d26afb6}.Debug|Any CPU.Build.0 = Debug|Any CPU
		{f36dfb2e-edfe-bdb1-ddc4-ae5fcae1d627}.Debug|Any CPU.ActiveCfg = Debug|Any CPU
		{f36dfb2e-edfe-bdb1-ddc4-ae5fcae1d627}.Debug|Any CPU.Build.0 = Debug|Any CPU
		{0bc52119-e1c2-5239-a8f2-312add587ab9}.Debug|Any CPU.ActiveCfg = Debug|Any CPU
		{0bc52119-e1c2-5239-a8f2-312add587ab9}.Debug|Any CPU.Build.0 = Debug|Any CPU
		{001b1b69-56db-7560-a451-50b55497ac1f}.Debug|Any CPU.ActiveCfg = Debug|Any CPU
		{001b1b69-56db-7560-a451-50b55497ac1f}.Debug|Any CPU.Build.0 = Debug|Any CPU
		{db1670c2-3850-3f81-6ab2-6d772be0b48e}.Debug|Any CPU.ActiveCfg = Debug|Any CPU
		{db1670c2-3850-3f81-6ab2-6d772be0b48e}.Debug|Any CPU.Build.0 = Debug|Any CPU
		{a930f1c8-5ab5-aa5d-9519-b5e6e486a4bd}.Debug|Any CPU.ActiveCfg = Debug|Any CPU
		{a930f1c8-5ab5-aa5d-9519-b5e6e486a4bd}.Debug|Any CPU.Build.0 = Debug|Any CPU
		{fb2c369a-2db5-41a9-9ded-e1d497b7cb54}.Debug|Any CPU.ActiveCfg = Debug|Any CPU
		{fb2c369a-2db5-41a9-9ded-e1d497b7cb54}.Debug|Any CPU.Build.0 = Debug|Any CPU
		{462132f4-2419-2dbb-1080-b0bd3b5974fc}.Debug|Any CPU.ActiveCfg = Debug|Any CPU
		{462132f4-2419-2dbb-1080-b0bd3b5974fc}.Debug|Any CPU.Build.0 = Debug|Any CPU
		{c2541429-1611-5f44-ed64-8145d073783d}.Debug|Any CPU.ActiveCfg = Debug|Any CPU
		{c2541429-1611-5f44-ed64-8145d073783d}.Debug|Any CPU.Build.0 = Debug|Any CPU
		{47be26e9-7b20-8b91-31ac-3a83cf8d98c1}.Debug|Any CPU.ActiveCfg = Debug|Any CPU
		{47be26e9-7b20-8b91-31ac-3a83cf8d98c1}.Debug|Any CPU.Build.0 = Debug|Any CPU
		{2110b6fd-e381-ad16-565d-3fe25620b63f}.Debug|Any CPU.ActiveCfg = Debug|Any CPU
		{2110b6fd-e381-ad16-565d-3fe25620b63f}.Debug|Any CPU.Build.0 = Debug|Any CPU
		{56a54785-efc1-5f89-334a-13c7d61952e7}.Debug|Any CPU.ActiveCfg = Debug|Any CPU
		{56a54785-efc1-5f89-334a-13c7d61952e7}.Debug|Any CPU.Build.0 = Debug|Any CPU
		{7af150f1-602d-ea98-24ba-bda98b175633}.Debug|Any CPU.ActiveCfg = Debug|Any CPU
		{7af150f1-602d-ea98-24ba-bda98b175633}.Debug|Any CPU.Build.0 = Debug|Any CPU
		{7d22749d-6695-06af-c162-f62517217168}.Debug|Any CPU.ActiveCfg = Debug|Any CPU
		{7d22749d-6695-06af-c162-f62517217168}.Debug|Any CPU.Build.0 = Debug|Any CPU
		{e7940483-5b8b-6c39-417f-f3a0530475e3}.Debug|Any CPU.ActiveCfg = Debug|Any CPU
		{e7940483-5b8b-6c39-417f-f3a0530475e3}.Debug|Any CPU.Build.0 = Debug|Any CPU
		{31541925-0387-1cfd-ae82-1da6bbe5bc21}.Debug|Any CPU.ActiveCfg = Debug|Any CPU
		{31541925-0387-1cfd-ae82-1da6bbe5bc21}.Debug|Any CPU.Build.0 = Debug|Any CPU
		{504760f2-5e9b-e184-1642-55acb2119545}.Debug|Any CPU.ActiveCfg = Debug|Any CPU
		{504760f2-5e9b-e184-1642-55acb2119545}.Debug|Any CPU.Build.0 = Debug|Any CPU
		{cb4e656e-5d78-f673-687f-d0a5cdf893f7}.Debug|Any CPU.ActiveCfg = Debug|Any CPU
		{cb4e656e-5d78-f673-687f-d0a5cdf893f7}.Debug|Any CPU.Build.0 = Debug|Any CPU
		{0c7f5176-db2f-2254-885c-424ff640fe77}.Debug|Any CPU.ActiveCfg = Debug|Any CPU
		{0c7f5176-db2f-2254-885c-424ff640fe77}.Debug|Any CPU.Build.0 = Debug|Any CPU
	EndGlobalSection
	GlobalSection(SolutionProperties) = preSolution
		HideSolutionNode = FALSE
	EndGlobalSection
EndGlobal
